
Microsoft Visual Studio Solution File, Format Version 12.00
# Visual Studio Version 17
VisualStudioVersion = 17.12.35728.132 d17.12
MinimumVisualStudioVersion = 10.0.40219.1
Project("{2150E333-8FDC-42A3-9474-1A3956D46DE8}") = "Solution Items", "Solution Items", "{A33ECDB4-5BF0-42ED-9FC4-A096D6898AFD}"
	ProjectSection(SolutionItems) = preProject
		README.md = README.md
	EndProjectSection
EndProject
Project("{2150E333-8FDC-42A3-9474-1A3956D46DE8}") = "nuget", "nuget", "{A51DB5C1-D6AA-4C1F-9A1C-FF8F5F649A88}"
	ProjectSection(SolutionItems) = preProject
		nuget\myget.bat = nuget\myget.bat
		nuget\nuget.bat = nuget\nuget.bat
		nuget\Transformalize.Provider.Razor.Autofac.nuspec = nuget\Transformalize.Provider.Razor.Autofac.nuspec
		nuget\Transformalize.Provider.Razor.nuspec = nuget\Transformalize.Provider.Razor.nuspec
		nuget\Transformalize.Transform.Razor.Autofac.nuspec = nuget\Transformalize.Transform.Razor.Autofac.nuspec
		nuget\Transformalize.Transform.Razor.nuspec = nuget\Transformalize.Transform.Razor.nuspec
	EndProjectSection
EndProject
Project("{2150E333-8FDC-42A3-9474-1A3956D46DE8}") = "Transform", "Transform", "{35F78093-C954-4023-899C-3FDEF33A0E85}"
EndProject
Project("{2150E333-8FDC-42A3-9474-1A3956D46DE8}") = "Transform.Autofac", "Transform.Autofac", "{DA59613D-F7AE-474E-AAEC-C19A43955B5F}"
EndProject
Project("{2150E333-8FDC-42A3-9474-1A3956D46DE8}") = "Provider", "Provider", "{E2A294A1-50BF-44AF-8939-CFC4B62B10CE}"
EndProject
Project("{2150E333-8FDC-42A3-9474-1A3956D46DE8}") = "Provider.Autofac", "Provider.Autofac", "{43358B7E-9D32-40B7-A3B8-E4DDA4A1961A}"
EndProject
Project("{9A19103F-16F7-4668-BE54-9A1E7A4F7556}") = "Transformalize.Transform.Razor.Standard.20", "src\Transformalize.Transform.Razor.Standard.20\Transformalize.Transform.Razor.Standard.20.csproj", "{904BE483-0817-4ED2-B344-C7CDE594435C}"
EndProject
Project("{9A19103F-16F7-4668-BE54-9A1E7A4F7556}") = "Test.Unit.Core", "src\Test.Unit.Core\Test.Unit.Core.csproj", "{074B4368-6F43-4B16-A50B-143E08D201B1}"
EndProject
Project("{D954291E-2A0B-460D-934E-DC6B0785DB48}") = "Transformalize.Transform.Razor.Autofac.Shared", "src\Transformalize.Transform.Razor.Autofac.Shared\Transformalize.Transform.Razor.Autofac.Shared.shproj", "{FB2C9023-4A1C-4AF1-A0D2-11F9952CBA49}"
EndProject
Project("{9A19103F-16F7-4668-BE54-9A1E7A4F7556}") = "Test.Integration.Core", "src\Test.Integration.Core\Test.Integration.Core.csproj", "{5F942D19-4526-4312-B411-181AEC380082}"
EndProject
Project("{9A19103F-16F7-4668-BE54-9A1E7A4F7556}") = "Transformalize.Provider.Razor.Standard.20", "src\Transformalize.Provider.Razor.Standard.20\Transformalize.Provider.Razor.Standard.20.csproj", "{3C4A3F20-F996-42FF-B22F-95E1D31484D9}"
EndProject
Project("{D954291E-2A0B-460D-934E-DC6B0785DB48}") = "Transformalize.Provider.Razor.Autofac.Shared", "src\Transformalize.Provider.Razor.Autofac.Shared\Transformalize.Provider.Razor.Autofac.Shared.shproj", "{E4253FEE-CBAD-4D40-B22A-8117344A9154}"
EndProject
Project("{9A19103F-16F7-4668-BE54-9A1E7A4F7556}") = "Transformalize.Provider.Razor.Autofac.Standard.20", "src\Transformalize.Provider.Razor.Autofac.Standard.20\Transformalize.Provider.Razor.Autofac.Standard.20.csproj", "{6E152BAC-48AB-4EB2-8D5A-0B11DB89DA99}"
EndProject
Project("{2150E333-8FDC-42A3-9474-1A3956D46DE8}") = "Benchmark", "Benchmark", "{83DEE83C-8FCD-44AE-9636-1F6620271F6E}"
EndProject
Project("{D954291E-2A0B-460D-934E-DC6B0785DB48}") = "Benchmark.Shared", "src\Benchmark.Shared\Benchmark.Shared.shproj", "{DDEB61AB-99FC-4D25-AB36-A161897EA637}"
EndProject
Project("{9A19103F-16F7-4668-BE54-9A1E7A4F7556}") = "Benchmark.Core", "src\Benchmark.Core\Benchmark.Core.csproj", "{B347A29B-F6A5-429B-8972-8EEA2861E537}"
EndProject
Project("{9A19103F-16F7-4668-BE54-9A1E7A4F7556}") = "Transformalize.Transform.Razor.Autofac.Standard.20", "src\Transformalize.Transform.Razor.Autofac.Standard.20\Transformalize.Transform.Razor.Autofac.Standard.20.csproj", "{0B11C4D1-39E5-468F-BB7C-2F481884F12D}"
EndProject
Global
	GlobalSection(SolutionConfigurationPlatforms) = preSolution
		Debug|Any CPU = Debug|Any CPU
		Release|Any CPU = Release|Any CPU
	EndGlobalSection
	GlobalSection(ProjectConfigurationPlatforms) = postSolution
		{904BE483-0817-4ED2-B344-C7CDE594435C}.Debug|Any CPU.ActiveCfg = Debug|Any CPU
		{904BE483-0817-4ED2-B344-C7CDE594435C}.Debug|Any CPU.Build.0 = Debug|Any CPU
		{904BE483-0817-4ED2-B344-C7CDE594435C}.Release|Any CPU.ActiveCfg = Release|Any CPU
		{904BE483-0817-4ED2-B344-C7CDE594435C}.Release|Any CPU.Build.0 = Release|Any CPU
		{074B4368-6F43-4B16-A50B-143E08D201B1}.Debug|Any CPU.ActiveCfg = Debug|Any CPU
		{074B4368-6F43-4B16-A50B-143E08D201B1}.Debug|Any CPU.Build.0 = Debug|Any CPU
		{074B4368-6F43-4B16-A50B-143E08D201B1}.Release|Any CPU.ActiveCfg = Release|Any CPU
		{074B4368-6F43-4B16-A50B-143E08D201B1}.Release|Any CPU.Build.0 = Release|Any CPU
		{5F942D19-4526-4312-B411-181AEC380082}.Debug|Any CPU.ActiveCfg = Debug|Any CPU
		{5F942D19-4526-4312-B411-181AEC380082}.Debug|Any CPU.Build.0 = Debug|Any CPU
		{5F942D19-4526-4312-B411-181AEC380082}.Release|Any CPU.ActiveCfg = Release|Any CPU
		{5F942D19-4526-4312-B411-181AEC380082}.Release|Any CPU.Build.0 = Release|Any CPU
		{3C4A3F20-F996-42FF-B22F-95E1D31484D9}.Debug|Any CPU.ActiveCfg = Debug|Any CPU
		{3C4A3F20-F996-42FF-B22F-95E1D31484D9}.Debug|Any CPU.Build.0 = Debug|Any CPU
		{3C4A3F20-F996-42FF-B22F-95E1D31484D9}.Release|Any CPU.ActiveCfg = Release|Any CPU
		{3C4A3F20-F996-42FF-B22F-95E1D31484D9}.Release|Any CPU.Build.0 = Release|Any CPU
		{6E152BAC-48AB-4EB2-8D5A-0B11DB89DA99}.Debug|Any CPU.ActiveCfg = Debug|Any CPU
		{6E152BAC-48AB-4EB2-8D5A-0B11DB89DA99}.Debug|Any CPU.Build.0 = Debug|Any CPU
		{6E152BAC-48AB-4EB2-8D5A-0B11DB89DA99}.Release|Any CPU.ActiveCfg = Release|Any CPU
		{6E152BAC-48AB-4EB2-8D5A-0B11DB89DA99}.Release|Any CPU.Build.0 = Release|Any CPU
		{B347A29B-F6A5-429B-8972-8EEA2861E537}.Debug|Any CPU.ActiveCfg = Debug|Any CPU
		{B347A29B-F6A5-429B-8972-8EEA2861E537}.Debug|Any CPU.Build.0 = Debug|Any CPU
		{B347A29B-F6A5-429B-8972-8EEA2861E537}.Release|Any CPU.ActiveCfg = Release|Any CPU
		{B347A29B-F6A5-429B-8972-8EEA2861E537}.Release|Any CPU.Build.0 = Release|Any CPU
		{0B11C4D1-39E5-468F-BB7C-2F481884F12D}.Debug|Any CPU.ActiveCfg = Debug|Any CPU
		{0B11C4D1-39E5-468F-BB7C-2F481884F12D}.Debug|Any CPU.Build.0 = Debug|Any CPU
		{0B11C4D1-39E5-468F-BB7C-2F481884F12D}.Release|Any CPU.ActiveCfg = Release|Any CPU
		{0B11C4D1-39E5-468F-BB7C-2F481884F12D}.Release|Any CPU.Build.0 = Release|Any CPU
	EndGlobalSection
	GlobalSection(SolutionProperties) = preSolution
		HideSolutionNode = FALSE
	EndGlobalSection
	GlobalSection(NestedProjects) = preSolution
		{A51DB5C1-D6AA-4C1F-9A1C-FF8F5F649A88} = {A33ECDB4-5BF0-42ED-9FC4-A096D6898AFD}
		{904BE483-0817-4ED2-B344-C7CDE594435C} = {35F78093-C954-4023-899C-3FDEF33A0E85}
		{FB2C9023-4A1C-4AF1-A0D2-11F9952CBA49} = {DA59613D-F7AE-474E-AAEC-C19A43955B5F}
		{3C4A3F20-F996-42FF-B22F-95E1D31484D9} = {E2A294A1-50BF-44AF-8939-CFC4B62B10CE}
		{E4253FEE-CBAD-4D40-B22A-8117344A9154} = {43358B7E-9D32-40B7-A3B8-E4DDA4A1961A}
		{6E152BAC-48AB-4EB2-8D5A-0B11DB89DA99} = {43358B7E-9D32-40B7-A3B8-E4DDA4A1961A}
		{DDEB61AB-99FC-4D25-AB36-A161897EA637} = {83DEE83C-8FCD-44AE-9636-1F6620271F6E}
		{B347A29B-F6A5-429B-8972-8EEA2861E537} = {83DEE83C-8FCD-44AE-9636-1F6620271F6E}
		{0B11C4D1-39E5-468F-BB7C-2F481884F12D} = {DA59613D-F7AE-474E-AAEC-C19A43955B5F}
	EndGlobalSection
	GlobalSection(ExtensibilityGlobals) = postSolution
		SolutionGuid = {FC02244B-586F-431D-97BF-6733C0A18165}
	EndGlobalSection
	GlobalSection(SharedMSBuildProjectFiles) = preSolution
		src\Transformalize.Transform.Razor.Autofac.Shared\Transformalize.Transform.Razor.Autofac.Shared.projitems*{0b11c4d1-39e5-468f-bb7c-2f481884f12d}*SharedItemsImports = 5
		src\Transformalize.Provider.Razor.Autofac.Shared\Transformalize.Provider.Razor.Autofac.Shared.projitems*{6e152bac-48ab-4eb2-8d5a-0b11db89da99}*SharedItemsImports = 5
		src\Benchmark.Shared\Benchmark.Shared.projitems*{b347a29b-f6a5-429b-8972-8eea2861e537}*SharedItemsImports = 5
		src\Benchmark.Shared\Benchmark.Shared.projitems*{ddeb61ab-99fc-4d25-ab36-a161897ea637}*SharedItemsImports = 13
		src\Transformalize.Provider.Razor.Autofac.Shared\Transformalize.Provider.Razor.Autofac.Shared.projitems*{e4253fee-cbad-4d40-b22a-8117344a9154}*SharedItemsImports = 13
		src\Transformalize.Transform.Razor.Autofac.Shared\Transformalize.Transform.Razor.Autofac.Shared.projitems*{fb2c9023-4a1c-4af1-a0d2-11f9952cba49}*SharedItemsImports = 13
	EndGlobalSection
EndGlobal
