
Microsoft Visual Studio Solution File, Format Version 12.00
# Visual Studio 15
VisualStudioVersion = 15.0.27703.2042
MinimumVisualStudioVersion = 10.0.40219.1
Project("{FAE04EC0-301F-11D3-BF4B-00C04F79EFBC}") = "Transformalize.Provider.Razor", "src\Transformalize.Provider.Razor\Transformalize.Provider.Razor.csproj", "{2DBD2B55-ACC3-41AD-9A6D-F35D23A12EDD}"
EndProject
Project("{FAE04EC0-301F-11D3-BF4B-00C04F79EFBC}") = "Transformalize.Provider.Razor.Autofac", "src\Transformalize.Provider.Razor.Autofac\Transformalize.Provider.Razor.Autofac.csproj", "{61F77BC9-21E5-454E-876C-6D93DAF641E7}"
EndProject
Project("{2150E333-8FDC-42A3-9474-1A3956D46DE8}") = "Solution Items", "Solution Items", "{A33ECDB4-5BF0-42ED-9FC4-A096D6898AFD}"
	ProjectSection(SolutionItems) = preProject
		README.md = README.md
	EndProjectSection
EndProject
Project("{2150E333-8FDC-42A3-9474-1A3956D46DE8}") = "nuget", "nuget", "{A51DB5C1-D6AA-4C1F-9A1C-FF8F5F649A88}"
	ProjectSection(SolutionItems) = preProject
		nuget\nuget.bat = nuget\nuget.bat
		nuget\Transformalize.Provider.Razor.Autofac.nuspec = nuget\Transformalize.Provider.Razor.Autofac.nuspec
		nuget\Transformalize.Provider.Razor.nuspec = nuget\Transformalize.Provider.Razor.nuspec
		nuget\Transformalize.Transform.Razor.Autofac.nuspec = nuget\Transformalize.Transform.Razor.Autofac.nuspec
		nuget\Transformalize.Transform.Razor.nuspec = nuget\Transformalize.Transform.Razor.nuspec
	EndProjectSection
EndProject
Project("{FAE04EC0-301F-11D3-BF4B-00C04F79EFBC}") = "IntegrationTests", "src\IntegrationTests\IntegrationTests.csproj", "{986F8B9F-1FA5-4B1C-A9CE-9192AD2AF37F}"
EndProject
Project("{FAE04EC0-301F-11D3-BF4B-00C04F79EFBC}") = "Transformalize.Transform.Razor", "src\Transformalize.Transform.Razor\Transformalize.Transform.Razor.csproj", "{95909972-3FF6-4DA8-BAAE-8E14E0B553FE}"
EndProject
Project("{FAE04EC0-301F-11D3-BF4B-00C04F79EFBC}") = "Transformalize.Transform.Razor.Autofac", "src\Transformalize.Transform.Razor.Autofac\Transformalize.Transform.Razor.Autofac.csproj", "{90B2DA10-37B1-4F9F-B400-5DCFBF02EA8D}"
EndProject
Project("{FAE04EC0-301F-11D3-BF4B-00C04F79EFBC}") = "UnitTests", "src\UnitTests\UnitTests.csproj", "{8D06A7DB-738A-4205-97DD-761F8708B717}"
EndProject
Project("{FAE04EC0-301F-11D3-BF4B-00C04F79EFBC}") = "Benchmark", "src\Benchmark\Benchmark.csproj", "{EAC09C5E-C222-4745-97FA-798063261565}"
EndProject
Global
	GlobalSection(SolutionConfigurationPlatforms) = preSolution
		Debug|Any CPU = Debug|Any CPU
		Release|Any CPU = Release|Any CPU
	EndGlobalSection
	GlobalSection(ProjectConfigurationPlatforms) = postSolution
		{2DBD2B55-ACC3-41AD-9A6D-F35D23A12EDD}.Debug|Any CPU.ActiveCfg = Debug|Any CPU
		{2DBD2B55-ACC3-41AD-9A6D-F35D23A12EDD}.Debug|Any CPU.Build.0 = Debug|Any CPU
		{2DBD2B55-ACC3-41AD-9A6D-F35D23A12EDD}.Release|Any CPU.ActiveCfg = Release|Any CPU
		{2DBD2B55-ACC3-41AD-9A6D-F35D23A12EDD}.Release|Any CPU.Build.0 = Release|Any CPU
		{61F77BC9-21E5-454E-876C-6D93DAF641E7}.Debug|Any CPU.ActiveCfg = Debug|Any CPU
		{61F77BC9-21E5-454E-876C-6D93DAF641E7}.Debug|Any CPU.Build.0 = Debug|Any CPU
		{61F77BC9-21E5-454E-876C-6D93DAF641E7}.Release|Any CPU.ActiveCfg = Release|Any CPU
		{61F77BC9-21E5-454E-876C-6D93DAF641E7}.Release|Any CPU.Build.0 = Release|Any CPU
		{986F8B9F-1FA5-4B1C-A9CE-9192AD2AF37F}.Debug|Any CPU.ActiveCfg = Debug|Any CPU
		{986F8B9F-1FA5-4B1C-A9CE-9192AD2AF37F}.Debug|Any CPU.Build.0 = Debug|Any CPU
		{986F8B9F-1FA5-4B1C-A9CE-9192AD2AF37F}.Release|Any CPU.ActiveCfg = Release|Any CPU
		{986F8B9F-1FA5-4B1C-A9CE-9192AD2AF37F}.Release|Any CPU.Build.0 = Release|Any CPU
		{95909972-3FF6-4DA8-BAAE-8E14E0B553FE}.Debug|Any CPU.ActiveCfg = Debug|Any CPU
		{95909972-3FF6-4DA8-BAAE-8E14E0B553FE}.Debug|Any CPU.Build.0 = Debug|Any CPU
		{95909972-3FF6-4DA8-BAAE-8E14E0B553FE}.Release|Any CPU.ActiveCfg = Release|Any CPU
		{95909972-3FF6-4DA8-BAAE-8E14E0B553FE}.Release|Any CPU.Build.0 = Release|Any CPU
		{90B2DA10-37B1-4F9F-B400-5DCFBF02EA8D}.Debug|Any CPU.ActiveCfg = Debug|Any CPU
		{90B2DA10-37B1-4F9F-B400-5DCFBF02EA8D}.Debug|Any CPU.Build.0 = Debug|Any CPU
		{90B2DA10-37B1-4F9F-B400-5DCFBF02EA8D}.Release|Any CPU.ActiveCfg = Release|Any CPU
		{90B2DA10-37B1-4F9F-B400-5DCFBF02EA8D}.Release|Any CPU.Build.0 = Release|Any CPU
		{8D06A7DB-738A-4205-97DD-761F8708B717}.Debug|Any CPU.ActiveCfg = Debug|Any CPU
		{8D06A7DB-738A-4205-97DD-761F8708B717}.Debug|Any CPU.Build.0 = Debug|Any CPU
		{8D06A7DB-738A-4205-97DD-761F8708B717}.Release|Any CPU.ActiveCfg = Release|Any CPU
		{8D06A7DB-738A-4205-97DD-761F8708B717}.Release|Any CPU.Build.0 = Release|Any CPU
		{EAC09C5E-C222-4745-97FA-798063261565}.Debug|Any CPU.ActiveCfg = Debug|Any CPU
		{EAC09C5E-C222-4745-97FA-798063261565}.Debug|Any CPU.Build.0 = Debug|Any CPU
		{EAC09C5E-C222-4745-97FA-798063261565}.Release|Any CPU.ActiveCfg = Release|Any CPU
		{EAC09C5E-C222-4745-97FA-798063261565}.Release|Any CPU.Build.0 = Release|Any CPU
	EndGlobalSection
	GlobalSection(SolutionProperties) = preSolution
		HideSolutionNode = FALSE
	EndGlobalSection
	GlobalSection(NestedProjects) = preSolution
		{A51DB5C1-D6AA-4C1F-9A1C-FF8F5F649A88} = {A33ECDB4-5BF0-42ED-9FC4-A096D6898AFD}
	EndGlobalSection
	GlobalSection(ExtensibilityGlobals) = postSolution
		SolutionGuid = {FC02244B-586F-431D-97BF-6733C0A18165}
	EndGlobalSection
EndGlobal
